
Microsoft Visual Studio Solution File, Format Version 12.00
# Visual Studio Version 17
VisualStudioVersion = 17.14.36518.9
MinimumVisualStudioVersion = 10.0.40219.1
Project("{FAE04EC0-301F-11D3-BF4B-00C04F79EFBC}") = "RealEstateAgency.Domain", "RealEstateAgency.Domain\RealEstateAgency.Domain.csproj", "{B48E1860-0053-4E3A-8E29-3CFE79D9AD2B}"
EndProject
Project("{FAE04EC0-301F-11D3-BF4B-00C04F79EFBC}") = "RealEstateAgency.Tests", "RealEstateAgency.Tests\RealEstateAgency.Tests.csproj", "{05E37F67-78EC-48BB-B0B5-4C21EF65BF69}"
EndProject
Project("{FAE04EC0-301F-11D3-BF4B-00C04F79EFBC}") = "RealEstateAgency.Api.Host", "RealEstateAgency.Api.Host\RealEstateAgency.Api.Host.csproj", "{14235258-CF4E-19E7-1E02-BD59ADDE927B}"
EndProject
Project("{FAE04EC0-301F-11D3-BF4B-00C04F79EFBC}") = "RealEstateAgency.AppHost", "RealEstateAgency.AppHost\RealEstateAgency.AppHost.csproj", "{3525F433-B90F-4291-91C5-381931FDDCDB}"
EndProject
Project("{FAE04EC0-301F-11D3-BF4B-00C04F79EFBC}") = "RealEstateAgency.ServiceDefaults", "RealEstateAgency.ServiceDefaults\RealEstateAgency.ServiceDefaults.csproj", "{7F9DBAF2-08A7-7390-FBBC-4310C54B9462}"
EndProject
Project("{FAE04EC0-301F-11D3-BF4B-00C04F79EFBC}") = "RealEstateAgency.Application", "RealEstateAgency.Application\RealEstateAgency.Application.csproj", "{4DDE5082-2D73-4177-BC12-0F69290B204B}"
EndProject
Project("{FAE04EC0-301F-11D3-BF4B-00C04F79EFBC}") = "RealEstateAgency.Application.Contracts", "RealEstateAgency.Application.Contracts\RealEstateAgency.Application.Contracts.csproj", "{726A1468-AA49-4778-BF8C-55EDD8464F55}"
EndProject
Project("{FAE04EC0-301F-11D3-BF4B-00C04F79EFBC}") = "RealEstateAgency.Infrastructure.Database", "RealEstateAgency.Infrastructure.Database\RealEstateAgency.Infrastructure.Database.csproj", "{793B4DFF-EF7B-4FBD-99BF-68F922B22276}"
EndProject
Global
	GlobalSection(SolutionConfigurationPlatforms) = preSolution
		Debug|Any CPU = Debug|Any CPU
		Release|Any CPU = Release|Any CPU
	EndGlobalSection
	GlobalSection(ProjectConfigurationPlatforms) = postSolution
		{B48E1860-0053-4E3A-8E29-3CFE79D9AD2B}.Debug|Any CPU.ActiveCfg = Debug|Any CPU
		{B48E1860-0053-4E3A-8E29-3CFE79D9AD2B}.Debug|Any CPU.Build.0 = Debug|Any CPU
		{B48E1860-0053-4E3A-8E29-3CFE79D9AD2B}.Release|Any CPU.ActiveCfg = Release|Any CPU
		{B48E1860-0053-4E3A-8E29-3CFE79D9AD2B}.Release|Any CPU.Build.0 = Release|Any CPU
		{05E37F67-78EC-48BB-B0B5-4C21EF65BF69}.Debug|Any CPU.ActiveCfg = Debug|Any CPU
		{05E37F67-78EC-48BB-B0B5-4C21EF65BF69}.Debug|Any CPU.Build.0 = Debug|Any CPU
		{05E37F67-78EC-48BB-B0B5-4C21EF65BF69}.Release|Any CPU.ActiveCfg = Release|Any CPU
		{05E37F67-78EC-48BB-B0B5-4C21EF65BF69}.Release|Any CPU.Build.0 = Release|Any CPU
		{14235258-CF4E-19E7-1E02-BD59ADDE927B}.Debug|Any CPU.ActiveCfg = Debug|Any CPU
		{14235258-CF4E-19E7-1E02-BD59ADDE927B}.Debug|Any CPU.Build.0 = Debug|Any CPU
		{14235258-CF4E-19E7-1E02-BD59ADDE927B}.Release|Any CPU.ActiveCfg = Release|Any CPU
		{14235258-CF4E-19E7-1E02-BD59ADDE927B}.Release|Any CPU.Build.0 = Release|Any CPU
		{3525F433-B90F-4291-91C5-381931FDDCDB}.Debug|Any CPU.ActiveCfg = Debug|Any CPU
		{3525F433-B90F-4291-91C5-381931FDDCDB}.Debug|Any CPU.Build.0 = Debug|Any CPU
		{3525F433-B90F-4291-91C5-381931FDDCDB}.Release|Any CPU.ActiveCfg = Release|Any CPU
		{3525F433-B90F-4291-91C5-381931FDDCDB}.Release|Any CPU.Build.0 = Release|Any CPU
		{7F9DBAF2-08A7-7390-FBBC-4310C54B9462}.Debug|Any CPU.ActiveCfg = Debug|Any CPU
		{7F9DBAF2-08A7-7390-FBBC-4310C54B9462}.Debug|Any CPU.Build.0 = Debug|Any CPU
		{7F9DBAF2-08A7-7390-FBBC-4310C54B9462}.Release|Any CPU.ActiveCfg = Release|Any CPU
		{7F9DBAF2-08A7-7390-FBBC-4310C54B9462}.Release|Any CPU.Build.0 = Release|Any CPU
		{4DDE5082-2D73-4177-BC12-0F69290B204B}.Debug|Any CPU.ActiveCfg = Debug|Any CPU
		{4DDE5082-2D73-4177-BC12-0F69290B204B}.Debug|Any CPU.Build.0 = Debug|Any CPU
		{4DDE5082-2D73-4177-BC12-0F69290B204B}.Release|Any CPU.ActiveCfg = Release|Any CPU
		{4DDE5082-2D73-4177-BC12-0F69290B204B}.Release|Any CPU.Build.0 = Release|Any CPU
		{726A1468-AA49-4778-BF8C-55EDD8464F55}.Debug|Any CPU.ActiveCfg = Debug|Any CPU
		{726A1468-AA49-4778-BF8C-55EDD8464F55}.Debug|Any CPU.Build.0 = Debug|Any CPU
		{726A1468-AA49-4778-BF8C-55EDD8464F55}.Release|Any CPU.ActiveCfg = Release|Any CPU
		{726A1468-AA49-4778-BF8C-55EDD8464F55}.Release|Any CPU.Build.0 = Release|Any CPU
		{793B4DFF-EF7B-4FBD-99BF-68F922B22276}.Debug|Any CPU.ActiveCfg = Debug|Any CPU
		{793B4DFF-EF7B-4FBD-99BF-68F922B22276}.Debug|Any CPU.Build.0 = Debug|Any CPU
		{793B4DFF-EF7B-4FBD-99BF-68F922B22276}.Release|Any CPU.ActiveCfg = Release|Any CPU
		{793B4DFF-EF7B-4FBD-99BF-68F922B22276}.Release|Any CPU.Build.0 = Release|Any CPU
	EndGlobalSection
	GlobalSection(SolutionProperties) = preSolution
		HideSolutionNode = FALSE
	EndGlobalSection
	GlobalSection(ExtensibilityGlobals) = postSolution
		SolutionGuid = {02EF35B3-8614-43E6-851D-066F9A4C9AA8}
	EndGlobalSection
EndGlobal
